
Microsoft Visual Studio Solution File, Format Version 12.00
# Visual Studio Version 16
VisualStudioVersion = 16.0.31727.386
MinimumVisualStudioVersion = 10.0.40219.1
Project("{8BC9CEB8-8B4A-11D0-8D11-00A0C91BC942}") = "Cublas", "Cublas\Cublas.vcxproj", "{E0FB2F72-FABE-48C8-9E2F-B2FCC059C9DD}"
EndProject
Project("{8BC9CEB8-8B4A-11D0-8D11-00A0C91BC942}") = "Thrust", "Thrust\Thrust.vcxproj", "{1E26003A-AB6D-4780-844D-2417B0134771}"
EndProject
Global
	GlobalSection(SolutionConfigurationPlatforms) = preSolution
		Debug|x64 = Debug|x64
		Debug|x86 = Debug|x86
		Release|x64 = Release|x64
		Release|x86 = Release|x86
	EndGlobalSection
	GlobalSection(ProjectConfigurationPlatforms) = postSolution
		{E0FB2F72-FABE-48C8-9E2F-B2FCC059C9DD}.Debug|x64.ActiveCfg = Debug|x64
		{E0FB2F72-FABE-48C8-9E2F-B2FCC059C9DD}.Debug|x64.Build.0 = Debug|x64
		{E0FB2F72-FABE-48C8-9E2F-B2FCC059C9DD}.Debug|x86.ActiveCfg = Debug|Win32
		{E0FB2F72-FABE-48C8-9E2F-B2FCC059C9DD}.Debug|x86.Build.0 = Debug|Win32
		{E0FB2F72-FABE-48C8-9E2F-B2FCC059C9DD}.Release|x64.ActiveCfg = Release|x64
		{E0FB2F72-FABE-48C8-9E2F-B2FCC059C9DD}.Release|x64.Build.0 = Release|x64
		{E0FB2F72-FABE-48C8-9E2F-B2FCC059C9DD}.Release|x86.ActiveCfg = Release|Win32
		{E0FB2F72-FABE-48C8-9E2F-B2FCC059C9DD}.Release|x86.Build.0 = Release|Win32
		{1E26003A-AB6D-4780-844D-2417B0134771}.Debug|x64.ActiveCfg = Debug|x64
		{1E26003A-AB6D-4780-844D-2417B0134771}.Debug|x64.Build.0 = Debug|x64
		{1E26003A-AB6D-4780-844D-2417B0134771}.Debug|x86.ActiveCfg = Debug|Win32
		{1E26003A-AB6D-4780-844D-2417B0134771}.Debug|x86.Build.0 = Debug|Win32
		{1E26003A-AB6D-4780-844D-2417B0134771}.Release|x64.ActiveCfg = Release|x64
		{1E26003A-AB6D-4780-844D-2417B0134771}.Release|x64.Build.0 = Release|x64
		{1E26003A-AB6D-4780-844D-2417B0134771}.Release|x86.ActiveCfg = Release|Win32
		{1E26003A-AB6D-4780-844D-2417B0134771}.Release|x86.Build.0 = Release|Win32
	EndGlobalSection
	GlobalSection(SolutionProperties) = preSolution
		HideSolutionNode = FALSE
	EndGlobalSection
	GlobalSection(ExtensibilityGlobals) = postSolution
		SolutionGuid = {A071440C-BAE7-4706-816B-46BF28CBF0FC}
	EndGlobalSection
EndGlobal
