
Microsoft Visual Studio Solution File, Format Version 12.00
# Visual Studio Version 16
VisualStudioVersion = 16.0.31727.386
MinimumVisualStudioVersion = 10.0.40219.1
Project("{8BC9CEB8-8B4A-11D0-8D11-00A0C91BC942}") = "HelloWorld", "HelloWorld\HelloWorld.vcxproj", "{27EACB6F-89AF-43FE-8294-43A2BD4C277D}"
EndProject
Project("{8BC9CEB8-8B4A-11D0-8D11-00A0C91BC942}") = "ParallelFor", "ParallelFor\ParallelFor.vcxproj", "{B5E19B02-7294-4749-A430-4102B4E8BDE2}"
EndProject
Global
	GlobalSection(SolutionConfigurationPlatforms) = preSolution
		Debug|x64 = Debug|x64
		Debug|x86 = Debug|x86
		Release|x64 = Release|x64
		Release|x86 = Release|x86
	EndGlobalSection
	GlobalSection(ProjectConfigurationPlatforms) = postSolution
		{27EACB6F-89AF-43FE-8294-43A2BD4C277D}.Debug|x64.ActiveCfg = Debug|x64
		{27EACB6F-89AF-43FE-8294-43A2BD4C277D}.Debug|x64.Build.0 = Debug|x64
		{27EACB6F-89AF-43FE-8294-43A2BD4C277D}.Debug|x86.ActiveCfg = Debug|Win32
		{27EACB6F-89AF-43FE-8294-43A2BD4C277D}.Debug|x86.Build.0 = Debug|Win32
		{27EACB6F-89AF-43FE-8294-43A2BD4C277D}.Release|x64.ActiveCfg = Release|x64
		{27EACB6F-89AF-43FE-8294-43A2BD4C277D}.Release|x64.Build.0 = Release|x64
		{27EACB6F-89AF-43FE-8294-43A2BD4C277D}.Release|x86.ActiveCfg = Release|Win32
		{27EACB6F-89AF-43FE-8294-43A2BD4C277D}.Release|x86.Build.0 = Release|Win32
		{B5E19B02-7294-4749-A430-4102B4E8BDE2}.Debug|x64.ActiveCfg = Debug|x64
		{B5E19B02-7294-4749-A430-4102B4E8BDE2}.Debug|x64.Build.0 = Debug|x64
		{B5E19B02-7294-4749-A430-4102B4E8BDE2}.Debug|x86.ActiveCfg = Debug|Win32
		{B5E19B02-7294-4749-A430-4102B4E8BDE2}.Debug|x86.Build.0 = Debug|Win32
		{B5E19B02-7294-4749-A430-4102B4E8BDE2}.Release|x64.ActiveCfg = Release|x64
		{B5E19B02-7294-4749-A430-4102B4E8BDE2}.Release|x64.Build.0 = Release|x64
		{B5E19B02-7294-4749-A430-4102B4E8BDE2}.Release|x86.ActiveCfg = Release|Win32
		{B5E19B02-7294-4749-A430-4102B4E8BDE2}.Release|x86.Build.0 = Release|Win32
	EndGlobalSection
	GlobalSection(SolutionProperties) = preSolution
		HideSolutionNode = FALSE
	EndGlobalSection
	GlobalSection(ExtensibilityGlobals) = postSolution
		SolutionGuid = {807A4E29-5B0E-4686-84A9-30FB1D208F67}
	EndGlobalSection
EndGlobal
